{
  "name": "dot-net-sidebar-sdk",
  "version": "1.0.0",
  "lockfileVersion": 3,
  "requires": true,
  "packages": {
    "": {
      "name": "dot-net-sidebar-sdk",
      "version": "1.0.0",
      "devDependencies": {
        "@acrolinx/sidebar-startpage": "^4.0.1"
      },
      "engines": {
        "node": ">=20"
      }
    },
    "node_modules/@acrolinx/sidebar-interface": {
      "version": "15.4.3",
      "resolved": "https://registry.npmjs.org/@acrolinx/sidebar-interface/-/sidebar-interface-15.4.3.tgz",
      "integrity": "sha512-q4F52qTrHM46Va/09LwzuR0YnKjQke40KKG6/Ugm4I23gEUlgT7Eb8mc6gh4FuKHnj3iJEglqwf0GA30WhEoaw==",
      "dev": true,
      "engines": {
        "node": ">=20"
      }
    },
    "node_modules/@acrolinx/sidebar-startpage": {
      "version": "4.0.1",
      "resolved": "https://registry.npmjs.org/@acrolinx/sidebar-startpage/-/sidebar-startpage-4.0.1.tgz",
      "integrity": "sha512-HIbBxWvkS7/4t/LnqzsfdmrsyI7PC7j/ThiYEBSuDpwYdoTgBDzFgsh+M8kKpMHIOrApU3UZWpVoCysIVpk0Jw==",
      "dev": true,
      "dependencies": {
        "@acrolinx/sidebar-interface": "^15.4.3",
        "preact": "^10.25.3"
      },
      "engines": {
        "node": ">=20"
      }
    },
    "node_modules/preact": {
      "version": "10.25.3",
      "resolved": "https://registry.npmjs.org/preact/-/preact-10.25.3.tgz",
      "integrity": "sha512-dzQmIFtM970z+fP9ziQ3yG4e3ULIbwZzJ734vaMVUTaKQ2+Ru1Ou/gjshOYVHCcd1rpAelC6ngjvjDXph98unQ==",
      "dev": true,
      "funding": {
        "type": "opencollective",
        "url": "https://opencollective.com/preact"
      }
    }
  }
}
