{
  "name": "dot-net-sidebar-sdk",
  "version": "1.0.0",
  "lockfileVersion": 2,
  "requires": true,
  "packages": {
    "": {
      "name": "dot-net-sidebar-sdk",
      "version": "1.0.0",
      "devDependencies": {
        "@acrolinx/sidebar-startpage": "3.4.1"
      }
    },
    "node_modules/@acrolinx/sidebar-startpage": {
      "version": "3.4.1",
      "resolved": "https://registry.npmjs.org/@acrolinx/sidebar-startpage/-/sidebar-startpage-3.4.1.tgz",
      "integrity": "sha512-rz0n5iSq/ADHS8xLZnS/v2+LxZoya+WWokP8UrXtLdUXUXVTRWxVOe+W/bkqE/p3sHgwYpXRWrawYgMHVw3POw==",
      "dev": true,
      "dependencies": {
        "preact": "^10.5.14"
      }
    },
    "node_modules/preact": {
      "version": "10.10.6",
      "resolved": "https://registry.npmjs.org/preact/-/preact-10.10.6.tgz",
      "integrity": "sha512-w0mCL5vICUAZrh1DuHEdOWBjxdO62lvcO++jbzr8UhhYcTbFkpegLH9XX+7MadjTl/y0feoqwQ/zAnzkc/EGog==",
      "dev": true,
      "funding": {
        "type": "opencollective",
        "url": "https://opencollective.com/preact"
      }
    }
  },
  "dependencies": {
    "@acrolinx/sidebar-startpage": {
      "version": "3.4.1",
      "resolved": "https://registry.npmjs.org/@acrolinx/sidebar-startpage/-/sidebar-startpage-3.4.1.tgz",
      "integrity": "sha512-rz0n5iSq/ADHS8xLZnS/v2+LxZoya+WWokP8UrXtLdUXUXVTRWxVOe+W/bkqE/p3sHgwYpXRWrawYgMHVw3POw==",
      "dev": true,
      "requires": {
        "preact": "^10.5.14"
      }
    },
    "preact": {
      "version": "10.10.6",
      "resolved": "https://registry.npmjs.org/preact/-/preact-10.10.6.tgz",
      "integrity": "sha512-w0mCL5vICUAZrh1DuHEdOWBjxdO62lvcO++jbzr8UhhYcTbFkpegLH9XX+7MadjTl/y0feoqwQ/zAnzkc/EGog==",
      "dev": true
    }
  }
}
