{
  "name": "dot-net-sidebar-sdk",
  "version": "1.0.0",
  "lockfileVersion": 3,
  "requires": true,
  "packages": {
    "": {
      "name": "dot-net-sidebar-sdk",
      "version": "1.0.0",
      "devDependencies": {
        "@acrolinx/sidebar-startpage": "^4.0.1-beta.3"
      },
      "engines": {
        "node": ">=20"
      }
    },
    "node_modules/@acrolinx/sidebar-interface": {
      "version": "15.4.3",
      "resolved": "https://registry.npmjs.org/@acrolinx/sidebar-interface/-/sidebar-interface-15.4.3.tgz",
      "integrity": "sha512-q4F52qTrHM46Va/09LwzuR0YnKjQke40KKG6/Ugm4I23gEUlgT7Eb8mc6gh4FuKHnj3iJEglqwf0GA30WhEoaw==",
      "dev": true,
      "engines": {
        "node": ">=20"
      }
    },
    "node_modules/@acrolinx/sidebar-startpage": {
      "version": "4.0.1-beta.3",
      "resolved": "https://registry.npmjs.org/@acrolinx/sidebar-startpage/-/sidebar-startpage-4.0.1-beta.3.tgz",
      "integrity": "sha512-e+GijQg1V5KNWVnEkpX33qnyLjPBF7+WO7OWED0wGiCWocrBmyp6lI3Y/akHKCJPtJ092Z8C0WZVf8esEcrzOw==",
      "dev": true,
      "dependencies": {
        "@acrolinx/sidebar-interface": "^15.4.3",
        "preact": "^10.23.2"
      },
      "engines": {
        "node": ">=20"
      }
    },
    "node_modules/preact": {
      "version": "10.23.2",
      "resolved": "https://registry.npmjs.org/preact/-/preact-10.23.2.tgz",
      "integrity": "sha512-kKYfePf9rzKnxOAKDpsWhg/ysrHPqT+yQ7UW4JjdnqjFIeNUnNcEJvhuA8fDenxAGWzUqtd51DfVg7xp/8T9NA==",
      "dev": true,
      "funding": {
        "type": "opencollective",
        "url": "https://opencollective.com/preact"
      }
    }
  }
}
